{
  "name": "aula1",
  "version": "0.0.1",
  "lockfileVersion": 1,
  "requires": true,
  "dependencies": {
    "angular-core": {
      "version": "0.0.5",
      "resolved": "https://registry.npmjs.org/angular-core/-/angular-core-0.0.5.tgz",
      "integrity": "sha512-ffcsKludioLAA8Q37CU5CfVpZWyGTgFA3D5Lw8oUN80Q+QkU4Gwdwdl0WKn4BXvDQ/RX30evO6K00yMt/A/sCA=="
    }
  }
}
